
Microsoft Visual Studio Solution File, Format Version 12.00
# Visual Studio Version 16
VisualStudioVersion = 16.0.29306.81
MinimumVisualStudioVersion = 10.0.40219.1
Project("{FAE04EC0-301F-11D3-BF4B-00C04F79EFBC}") = "CompoShop", "CompoShop.csproj", "{864FEE70-99DB-4013-87FC-1B45C7D3C008}"
EndProject
Global
	GlobalSection(SolutionConfigurationPlatforms) = preSolution
		Debug|Any CPU = Debug|Any CPU
		Release|Any CPU = Release|Any CPU
	EndGlobalSection
	GlobalSection(ProjectConfigurationPlatforms) = postSolution
		{864FEE70-99DB-4013-87FC-1B45C7D3C008}.Debug|Any CPU.ActiveCfg = Debug|Any CPU
		{864FEE70-99DB-4013-87FC-1B45C7D3C008}.Debug|Any CPU.Build.0 = Debug|Any CPU
		{864FEE70-99DB-4013-87FC-1B45C7D3C008}.Release|Any CPU.ActiveCfg = Release|Any CPU
		{864FEE70-99DB-4013-87FC-1B45C7D3C008}.Release|Any CPU.Build.0 = Release|Any CPU
	EndGlobalSection
	GlobalSection(SolutionProperties) = preSolution
		HideSolutionNode = FALSE
	EndGlobalSection
	GlobalSection(ExtensibilityGlobals) = postSolution
		SolutionGuid = {B8E8A423-E19D-45DE-A8BB-8C4D17D065D8}
	EndGlobalSection
EndGlobal
